// !$*UTF8*$!
{
	archiveVersion = 1;
	classes = {
	};
	objectVersion = 51;
	objects = {

/* Begin PBXBuildFile section */
		52B76C6A26E0EEF700A9394A /* AppDelegate.swift in Sources */ = {isa = PBXBuildFile; fileRef = 52B76C6926E0EEF700A9394A /* AppDelegate.swift */; };
		52B76C6C26E0EEF700A9394A /* SceneDelegate.swift in Sources */ = {isa = PBXBuildFile; fileRef = 52B76C6B26E0EEF700A9394A /* SceneDelegate.swift */; };
		52B76C7126E0EEF700A9394A /* Main.storyboard in Resources */ = {isa = PBXBuildFile; fileRef = 52B76C6F26E0EEF700A9394A /* Main.storyboard */; };
		52B76C7326E0EEF800A9394A /* Assets.xcassets in Resources */ = {isa = PBXBuildFile; fileRef = 52B76C7226E0EEF800A9394A /* Assets.xcassets */; };
		52B76C7626E0EEF800A9394A /* LaunchScreen.storyboard in Resources */ = {isa = PBXBuildFile; fileRef = 52B76C7426E0EEF800A9394A /* LaunchScreen.storyboard */; };
		52B95FC826E159A500E5E32E /* DiscoverViewController.swift in Sources */ = {isa = PBXBuildFile; fileRef = 52B95FC726E159A500E5E32E /* DiscoverViewController.swift */; };
		52B95FCB26E159D900E5E32E /* DiscoverViewModel.swift in Sources */ = {isa = PBXBuildFile; fileRef = 52B95FCA26E159D900E5E32E /* DiscoverViewModel.swift */; };
		AF741957BC278E0D40FEE986 /* Pods_PocketBarmen.framework in Frameworks */ = {isa = PBXBuildFile; fileRef = AB61353B14B849092D27EC6E /* Pods_PocketBarmen.framework */; };
/* End PBXBuildFile section */

/* Begin PBXFileReference section */
		4099A248A39AB7441AB3EF5E /* Pods-PocketBarmen.release.xcconfig */ = {isa = PBXFileReference; includeInIndex = 1; lastKnownFileType = text.xcconfig; name = "Pods-PocketBarmen.release.xcconfig"; path = "Target Support Files/Pods-PocketBarmen/Pods-PocketBarmen.release.xcconfig"; sourceTree = "<group>"; };
		52B76C6626E0EEF700A9394A /* PocketBarmen.app */ = {isa = PBXFileReference; explicitFileType = wrapper.application; includeInIndex = 0; path = PocketBarmen.app; sourceTree = BUILT_PRODUCTS_DIR; };
		52B76C6926E0EEF700A9394A /* AppDelegate.swift */ = {isa = PBXFileReference; lastKnownFileType = sourcecode.swift; path = AppDelegate.swift; sourceTree = "<group>"; };
		52B76C6B26E0EEF700A9394A /* SceneDelegate.swift */ = {isa = PBXFileReference; lastKnownFileType = sourcecode.swift; path = SceneDelegate.swift; sourceTree = "<group>"; };
		52B76C7026E0EEF700A9394A /* Base */ = {isa = PBXFileReference; lastKnownFileType = file.storyboard; name = Base; path = Base.lproj/Main.storyboard; sourceTree = "<group>"; };
		52B76C7226E0EEF800A9394A /* Assets.xcassets */ = {isa = PBXFileReference; lastKnownFileType = folder.assetcatalog; path = Assets.xcassets; sourceTree = "<group>"; };
		52B76C7526E0EEF800A9394A /* Base */ = {isa = PBXFileReference; lastKnownFileType = file.storyboard; name = Base; path = Base.lproj/LaunchScreen.storyboard; sourceTree = "<group>"; };
		52B76C7726E0EEF800A9394A /* Info.plist */ = {isa = PBXFileReference; lastKnownFileType = text.plist.xml; path = Info.plist; sourceTree = "<group>"; };
		52B95FC726E159A500E5E32E /* DiscoverViewController.swift */ = {isa = PBXFileReference; lastKnownFileType = sourcecode.swift; path = DiscoverViewController.swift; sourceTree = "<group>"; };
		52B95FCA26E159D900E5E32E /* DiscoverViewModel.swift */ = {isa = PBXFileReference; lastKnownFileType = sourcecode.swift; path = DiscoverViewModel.swift; sourceTree = "<group>"; };
		AB61353B14B849092D27EC6E /* Pods_PocketBarmen.framework */ = {isa = PBXFileReference; explicitFileType = wrapper.framework; includeInIndex = 0; path = Pods_PocketBarmen.framework; sourceTree = BUILT_PRODUCTS_DIR; };
		C691304B80023EF8EC7DF323 /* Pods-PocketBarmen.debug.xcconfig */ = {isa = PBXFileReference; includeInIndex = 1; lastKnownFileType = text.xcconfig; name = "Pods-PocketBarmen.debug.xcconfig"; path = "Target Support Files/Pods-PocketBarmen/Pods-PocketBarmen.debug.xcconfig"; sourceTree = "<group>"; };
/* End PBXFileReference section */

/* Begin PBXFrameworksBuildPhase section */
		52B76C6326E0EEF700A9394A /* Frameworks */ = {
			isa = PBXFrameworksBuildPhase;
			buildActionMask = 2147483647;
			files = (
				AF741957BC278E0D40FEE986 /* Pods_PocketBarmen.framework in Frameworks */,
			);
			runOnlyForDeploymentPostprocessing = 0;
		};
/* End PBXFrameworksBuildPhase section */

/* Begin PBXGroup section */
		52B76C5D26E0EEF700A9394A = {
			isa = PBXGroup;
			children = (
				52B76C6826E0EEF700A9394A /* PocketBarmen */,
				52B76C6726E0EEF700A9394A /* Products */,
				65A4800A166A74ACFED8E16D /* Pods */,
				F634E4C2F7B2B516DC0518D1 /* Frameworks */,
			);
			sourceTree = "<group>";
		};
		52B76C6726E0EEF700A9394A /* Products */ = {
			isa = PBXGroup;
			children = (
				52B76C6626E0EEF700A9394A /* PocketBarmen.app */,
			);
			name = Products;
			sourceTree = "<group>";
		};
		52B76C6826E0EEF700A9394A /* PocketBarmen */ = {
			isa = PBXGroup;
			children = (
				52B95FD026E16EDC00E5E32E /* StoryBoards */,
				52B95FCF26E16EC700E5E32E /* System */,
				52B95FCE26E16EB300E5E32E /* ViewController */,
				52B95FCD26E16EA600E5E32E /* ViewModel */,
				52B76C7226E0EEF800A9394A /* Assets.xcassets */,
			);
			path = PocketBarmen;
			sourceTree = "<group>";
		};
		52B95FCD26E16EA600E5E32E /* ViewModel */ = {
			isa = PBXGroup;
			children = (
				52B95FCA26E159D900E5E32E /* DiscoverViewModel.swift */,
			);
			path = ViewModel;
			sourceTree = "<group>";
		};
		52B95FCE26E16EB300E5E32E /* ViewController */ = {
			isa = PBXGroup;
			children = (
				52B95FC726E159A500E5E32E /* DiscoverViewController.swift */,
			);
			path = ViewController;
			sourceTree = "<group>";
		};
		52B95FCF26E16EC700E5E32E /* System */ = {
			isa = PBXGroup;
			children = (
				52B76C7726E0EEF800A9394A /* Info.plist */,
				52B76C6926E0EEF700A9394A /* AppDelegate.swift */,
				52B76C6B26E0EEF700A9394A /* SceneDelegate.swift */,
			);
			path = System;
			sourceTree = "<group>";
		};
		52B95FD026E16EDC00E5E32E /* StoryBoards */ = {
			isa = PBXGroup;
			children = (
				52B76C6F26E0EEF700A9394A /* Main.storyboard */,
				52B76C7426E0EEF800A9394A /* LaunchScreen.storyboard */,
			);
			path = StoryBoards;
			sourceTree = "<group>";
		};
		65A4800A166A74ACFED8E16D /* Pods */ = {
			isa = PBXGroup;
			children = (
				C691304B80023EF8EC7DF323 /* Pods-PocketBarmen.debug.xcconfig */,
				4099A248A39AB7441AB3EF5E /* Pods-PocketBarmen.release.xcconfig */,
			);
			path = Pods;
			sourceTree = "<group>";
		};
		F634E4C2F7B2B516DC0518D1 /* Frameworks */ = {
			isa = PBXGroup;
			children = (
				AB61353B14B849092D27EC6E /* Pods_PocketBarmen.framework */,
			);
			name = Frameworks;
			sourceTree = "<group>";
		};
/* End PBXGroup section */

/* Begin PBXNativeTarget section */
		52B76C6526E0EEF700A9394A /* PocketBarmen */ = {
			isa = PBXNativeTarget;
			buildConfigurationList = 52B76C7A26E0EEF800A9394A /* Build configuration list for PBXNativeTarget "PocketBarmen" */;
			buildPhases = (
				51E9E4C3E36AA29E4EB0F335 /* [CP] Check Pods Manifest.lock */,
				52B76C6226E0EEF700A9394A /* Sources */,
				52B76C6326E0EEF700A9394A /* Frameworks */,
				52B76C6426E0EEF700A9394A /* Resources */,
				B78D87BC1DA67EF89F3A21FC /* [CP] Embed Pods Frameworks */,
			);
			buildRules = (
			);
			dependencies = (
			);
			name = PocketBarmen;
			productName = PocketBarmen;
			productReference = 52B76C6626E0EEF700A9394A /* PocketBarmen.app */;
			productType = "com.apple.product-type.application";
		};
/* End PBXNativeTarget section */

/* Begin PBXProject section */
		52B76C5E26E0EEF700A9394A /* Project object */ = {
			isa = PBXProject;
			attributes = {
				LastSwiftUpdateCheck = 1240;
				LastUpgradeCheck = 1240;
				TargetAttributes = {
					52B76C6526E0EEF700A9394A = {
						CreatedOnToolsVersion = 12.4;
					};
				};
			};
			buildConfigurationList = 52B76C6126E0EEF700A9394A /* Build configuration list for PBXProject "PocketBarmen" */;
			compatibilityVersion = "Xcode 9.3";
			developmentRegion = en;
			hasScannedForEncodings = 0;
			knownRegions = (
				en,
				Base,
			);
			mainGroup = 52B76C5D26E0EEF700A9394A;
			productRefGroup = 52B76C6726E0EEF700A9394A /* Products */;
			projectDirPath = "";
			projectRoot = "";
			targets = (
				52B76C6526E0EEF700A9394A /* PocketBarmen */,
			);
		};
/* End PBXProject section */

/* Begin PBXResourcesBuildPhase section */
		52B76C6426E0EEF700A9394A /* Resources */ = {
			isa = PBXResourcesBuildPhase;
			buildActionMask = 2147483647;
			files = (
				52B76C7626E0EEF800A9394A /* LaunchScreen.storyboard in Resources */,
				52B76C7326E0EEF800A9394A /* Assets.xcassets in Resources */,
				52B76C7126E0EEF700A9394A /* Main.storyboard in Resources */,
			);
			runOnlyForDeploymentPostprocessing = 0;
		};
/* End PBXResourcesBuildPhase section */

/* Begin PBXShellScriptBuildPhase section */
		51E9E4C3E36AA29E4EB0F335 /* [CP] Check Pods Manifest.lock */ = {
			isa = PBXShellScriptBuildPhase;
			buildActionMask = 2147483647;
			files = (
			);
			inputFileListPaths = (
			);
			inputPaths = (
				"${PODS_PODFILE_DIR_PATH}/Podfile.lock",
				"${PODS_ROOT}/Manifest.lock",
			);
			name = "[CP] Check Pods Manifest.lock";
			outputFileListPaths = (
			);
			outputPaths = (
				"$(DERIVED_FILE_DIR)/Pods-PocketBarmen-checkManifestLockResult.txt",
			);
			runOnlyForDeploymentPostprocessing = 0;
			shellPath = /bin/sh;
			shellScript = "diff \"${PODS_PODFILE_DIR_PATH}/Podfile.lock\" \"${PODS_ROOT}/Manifest.lock\" > /dev/null\nif [ $? != 0 ] ; then\n    # print error to STDERR\n    echo \"error: The sandbox is not in sync with the Podfile.lock. Run 'pod install' or update your CocoaPods installation.\" >&2\n    exit 1\nfi\n# This output is used by Xcode 'outputs' to avoid re-running this script phase.\necho \"SUCCESS\" > \"${SCRIPT_OUTPUT_FILE_0}\"\n";
			showEnvVarsInLog = 0;
		};
		B78D87BC1DA67EF89F3A21FC /* [CP] Embed Pods Frameworks */ = {
			isa = PBXShellScriptBuildPhase;
			buildActionMask = 2147483647;
			files = (
			);
			inputFileListPaths = (
				"${PODS_ROOT}/Target Support Files/Pods-PocketBarmen/Pods-PocketBarmen-frameworks-${CONFIGURATION}-input-files.xcfilelist",
			);
			name = "[CP] Embed Pods Frameworks";
			outputFileListPaths = (
				"${PODS_ROOT}/Target Support Files/Pods-PocketBarmen/Pods-PocketBarmen-frameworks-${CONFIGURATION}-output-files.xcfilelist",
			);
			runOnlyForDeploymentPostprocessing = 0;
			shellPath = /bin/sh;
			shellScript = "\"${PODS_ROOT}/Target Support Files/Pods-PocketBarmen/Pods-PocketBarmen-frameworks.sh\"\n";
			showEnvVarsInLog = 0;
		};
/* End PBXShellScriptBuildPhase section */

/* Begin PBXSourcesBuildPhase section */
		52B76C6226E0EEF700A9394A /* Sources */ = {
			isa = PBXSourcesBuildPhase;
			buildActionMask = 2147483647;
			files = (
				52B95FC826E159A500E5E32E /* DiscoverViewController.swift in Sources */,
				52B95FCB26E159D900E5E32E /* DiscoverViewModel.swift in Sources */,
				52B76C6A26E0EEF700A9394A /* AppDelegate.swift in Sources */,
				52B76C6C26E0EEF700A9394A /* SceneDelegate.swift in Sources */,
			);
			runOnlyForDeploymentPostprocessing = 0;
		};
/* End PBXSourcesBuildPhase section */

/* Begin PBXVariantGroup section */
		52B76C6F26E0EEF700A9394A /* Main.storyboard */ = {
			isa = PBXVariantGroup;
			children = (
				52B76C7026E0EEF700A9394A /* Base */,
			);
			name = Main.storyboard;
			sourceTree = "<group>";
		};
		52B76C7426E0EEF800A9394A /* LaunchScreen.storyboard */ = {
			isa = PBXVariantGroup;
			children = (
				52B76C7526E0EEF800A9394A /* Base */,
			);
			name = LaunchScreen.storyboard;
			sourceTree = "<group>";
		};
/* End PBXVariantGroup section */

/* Begin XCBuildConfiguration section */
		52B76C7826E0EEF800A9394A /* Debug */ = {
			isa = XCBuildConfiguration;
			buildSettings = {
				ALWAYS_SEARCH_USER_PATHS = NO;
				CLANG_ANALYZER_NONNULL = YES;
				CLANG_ANALYZER_NUMBER_OBJECT_CONVERSION = YES_AGGRESSIVE;
				CLANG_CXX_LANGUAGE_STANDARD = "gnu++14";
				CLANG_CXX_LIBRARY = "libc++";
				CLANG_ENABLE_MODULES = YES;
				CLANG_ENABLE_OBJC_ARC = YES;
				CLANG_ENABLE_OBJC_WEAK = YES;
				CLANG_WARN_BLOCK_CAPTURE_AUTORELEASING = YES;
				CLANG_WARN_BOOL_CONVERSION = YES;
				CLANG_WARN_COMMA = YES;
				CLANG_WARN_CONSTANT_CONVERSION = YES;
				CLANG_WARN_DEPRECATED_OBJC_IMPLEMENTATIONS = YES;
				CLANG_WARN_DIRECT_OBJC_ISA_USAGE = YES_ERROR;
				CLANG_WARN_DOCUMENTATION_COMMENTS = YES;
				CLANG_WARN_EMPTY_BODY = YES;
				CLANG_WARN_ENUM_CONVERSION = YES;
				CLANG_WARN_INFINITE_RECURSION = YES;
				CLANG_WARN_INT_CONVERSION = YES;
				CLANG_WARN_NON_LITERAL_NULL_CONVERSION = YES;
				CLANG_WARN_OBJC_IMPLICIT_RETAIN_SELF = YES;
				CLANG_WARN_OBJC_LITERAL_CONVERSION = YES;
				CLANG_WARN_OBJC_ROOT_CLASS = YES_ERROR;
				CLANG_WARN_QUOTED_INCLUDE_IN_FRAMEWORK_HEADER = YES;
				CLANG_WARN_RANGE_LOOP_ANALYSIS = YES;
				CLANG_WARN_STRICT_PROTOTYPES = YES;
				CLANG_WARN_SUSPICIOUS_MOVE = YES;
				CLANG_WARN_UNGUARDED_AVAILABILITY = YES_AGGRESSIVE;
				CLANG_WARN_UNREACHABLE_CODE = YES;
				CLANG_WARN__DUPLICATE_METHOD_MATCH = YES;
				COPY_PHASE_STRIP = NO;
				DEBUG_INFORMATION_FORMAT = dwarf;
				ENABLE_STRICT_OBJC_MSGSEND = YES;
				ENABLE_TESTABILITY = YES;
				GCC_C_LANGUAGE_STANDARD = gnu11;
				GCC_DYNAMIC_NO_PIC = NO;
				GCC_NO_COMMON_BLOCKS = YES;
				GCC_OPTIMIZATION_LEVEL = 0;
				GCC_PREPROCESSOR_DEFINITIONS = (
					"DEBUG=1",
					"$(inherited)",
				);
				GCC_WARN_64_TO_32_BIT_CONVERSION = YES;
				GCC_WARN_ABOUT_RETURN_TYPE = YES_ERROR;
				GCC_WARN_UNDECLARED_SELECTOR = YES;
				GCC_WARN_UNINITIALIZED_AUTOS = YES_AGGRESSIVE;
				GCC_WARN_UNUSED_FUNCTION = YES;
				GCC_WARN_UNUSED_VARIABLE = YES;
				IPHONEOS_DEPLOYMENT_TARGET = 14.4;
				MTL_ENABLE_DEBUG_INFO = INCLUDE_SOURCE;
				MTL_FAST_MATH = YES;
				ONLY_ACTIVE_ARCH = YES;
				SDKROOT = iphoneos;
				SWIFT_ACTIVE_COMPILATION_CONDITIONS = DEBUG;
				SWIFT_OPTIMIZATION_LEVEL = "-Onone";
			};
			name = Debug;
		};
		52B76C7926E0EEF800A9394A /* Release */ = {
			isa = XCBuildConfiguration;
			buildSettings = {
				ALWAYS_SEARCH_USER_PATHS = NO;
				CLANG_ANALYZER_NONNULL = YES;
				CLANG_ANALYZER_NUMBER_OBJECT_CONVERSION = YES_AGGRESSIVE;
				CLANG_CXX_LANGUAGE_STANDARD = "gnu++14";
				CLANG_CXX_LIBRARY = "libc++";
				CLANG_ENABLE_MODULES = YES;
				CLANG_ENABLE_OBJC_ARC = YES;
				CLANG_ENABLE_OBJC_WEAK = YES;
				CLANG_WARN_BLOCK_CAPTURE_AUTORELEASING = YES;
				CLANG_WARN_BOOL_CONVERSION = YES;
				CLANG_WARN_COMMA = YES;
				CLANG_WARN_CONSTANT_CONVERSION = YES;
				CLANG_WARN_DEPRECATED_OBJC_IMPLEMENTATIONS = YES;
				CLANG_WARN_DIRECT_OBJC_ISA_USAGE = YES_ERROR;
				CLANG_WARN_DOCUMENTATION_COMMENTS = YES;
				CLANG_WARN_EMPTY_BODY = YES;
				CLANG_WARN_ENUM_CONVERSION = YES;
				CLANG_WARN_INFINITE_RECURSION = YES;
				CLANG_WARN_INT_CONVERSION = YES;
				CLANG_WARN_NON_LITERAL_NULL_CONVERSION = YES;
				CLANG_WARN_OBJC_IMPLICIT_RETAIN_SELF = YES;
				CLANG_WARN_OBJC_LITERAL_CONVERSION = YES;
				CLANG_WARN_OBJC_ROOT_CLASS = YES_ERROR;
				CLANG_WARN_QUOTED_INCLUDE_IN_FRAMEWORK_HEADER = YES;
				CLANG_WARN_RANGE_LOOP_ANALYSIS = YES;
				CLANG_WARN_STRICT_PROTOTYPES = YES;
				CLANG_WARN_SUSPICIOUS_MOVE = YES;
				CLANG_WARN_UNGUARDED_AVAILABILITY = YES_AGGRESSIVE;
				CLANG_WARN_UNREACHABLE_CODE = YES;
				CLANG_WARN__DUPLICATE_METHOD_MATCH = YES;
				COPY_PHASE_STRIP = NO;
				DEBUG_INFORMATION_FORMAT = "dwarf-with-dsym";
				ENABLE_NS_ASSERTIONS = NO;
				ENABLE_STRICT_OBJC_MSGSEND = YES;
				GCC_C_LANGUAGE_STANDARD = gnu11;
				GCC_NO_COMMON_BLOCKS = YES;
				GCC_WARN_64_TO_32_BIT_CONVERSION = YES;
				GCC_WARN_ABOUT_RETURN_TYPE = YES_ERROR;
				GCC_WARN_UNDECLARED_SELECTOR = YES;
				GCC_WARN_UNINITIALIZED_AUTOS = YES_AGGRESSIVE;
				GCC_WARN_UNUSED_FUNCTION = YES;
				GCC_WARN_UNUSED_VARIABLE = YES;
				IPHONEOS_DEPLOYMENT_TARGET = 14.4;
				MTL_ENABLE_DEBUG_INFO = NO;
				MTL_FAST_MATH = YES;
				SDKROOT = iphoneos;
				SWIFT_COMPILATION_MODE = wholemodule;
				SWIFT_OPTIMIZATION_LEVEL = "-O";
				VALIDATE_PRODUCT = YES;
			};
			name = Release;
		};
		52B76C7B26E0EEF800A9394A /* Debug */ = {
			isa = XCBuildConfiguration;
			baseConfigurationReference = C691304B80023EF8EC7DF323 /* Pods-PocketBarmen.debug.xcconfig */;
			buildSettings = {
				ASSETCATALOG_COMPILER_APPICON_NAME = AppIcon;
				ASSETCATALOG_COMPILER_GLOBAL_ACCENT_COLOR_NAME = AccentColor;
				CODE_SIGN_STYLE = Automatic;
				DEVELOPMENT_TEAM = TU72QMAMTH;
				INFOPLIST_FILE = PocketBarmen/System/Info.plist;
				IPHONEOS_DEPLOYMENT_TARGET = 14.4;
				LD_RUNPATH_SEARCH_PATHS = (
					"$(inherited)",
					"@executable_path/Frameworks",
				);
				PRODUCT_BUNDLE_IDENTIFIER = org.oguzhanozturk.PocketBarmen;
				PRODUCT_NAME = "$(TARGET_NAME)";
				SWIFT_VERSION = 5.0;
				TARGETED_DEVICE_FAMILY = "1,2";
			};
			name = Debug;
		};
		52B76C7C26E0EEF800A9394A /* Release */ = {
			isa = XCBuildConfiguration;
			baseConfigurationReference = 4099A248A39AB7441AB3EF5E /* Pods-PocketBarmen.release.xcconfig */;
			buildSettings = {
				ASSETCATALOG_COMPILER_APPICON_NAME = AppIcon;
				ASSETCATALOG_COMPILER_GLOBAL_ACCENT_COLOR_NAME = AccentColor;
				CODE_SIGN_STYLE = Automatic;
				DEVELOPMENT_TEAM = TU72QMAMTH;
				INFOPLIST_FILE = PocketBarmen/System/Info.plist;
				IPHONEOS_DEPLOYMENT_TARGET = 14.4;
				LD_RUNPATH_SEARCH_PATHS = (
					"$(inherited)",
					"@executable_path/Frameworks",
				);
				PRODUCT_BUNDLE_IDENTIFIER = org.oguzhanozturk.PocketBarmen;
				PRODUCT_NAME = "$(TARGET_NAME)";
				SWIFT_VERSION = 5.0;
				TARGETED_DEVICE_FAMILY = "1,2";
			};
			name = Release;
		};
/* End XCBuildConfiguration section */

/* Begin XCConfigurationList section */
		52B76C6126E0EEF700A9394A /* Build configuration list for PBXProject "PocketBarmen" */ = {
			isa = XCConfigurationList;
			buildConfigurations = (
				52B76C7826E0EEF800A9394A /* Debug */,
				52B76C7926E0EEF800A9394A /* Release */,
			);
			defaultConfigurationIsVisible = 0;
			defaultConfigurationName = Release;
		};
		52B76C7A26E0EEF800A9394A /* Build configuration list for PBXNativeTarget "PocketBarmen" */ = {
			isa = XCConfigurationList;
			buildConfigurations = (
				52B76C7B26E0EEF800A9394A /* Debug */,
				52B76C7C26E0EEF800A9394A /* Release */,
			);
			defaultConfigurationIsVisible = 0;
			defaultConfigurationName = Release;
		};
/* End XCConfigurationList section */
	};
	rootObject = 52B76C5E26E0EEF700A9394A /* Project object */;
}
